Microsoft Visual Studio Solution File, Format Version 12.00
# Visual Studio Version 17
VisualStudioVersion = 17.0.31903.59
MinimumVisualStudioVersion = 10.0.40219.1
Project("{FAE04EC0-301F-11D3-BF4B-00C04F79EFBC}") = "IceCreamFactory.Data", "IceCreamFactory.Data\IceCreamFactory.Data.csproj", "{8277C7F2-F6C6-4A4B-BB73-14AB91788E6E}"
EndProject
Project("{FAE04EC0-301F-11D3-BF4B-00C04F79EFBC}") = "IceCreamFactory.Services", "IceCreamFactory.Services\IceCreamFactory.Services.csproj", "{FE8660E2-6F1F-4DBC-8B50-B650BDDCD523}"
EndProject
Project("{FAE04EC0-301F-11D3-BF4B-00C04F79EFBC}") = "IceCreamFactory.Web", "IceCreamFactory.Web\IceCreamFactory.Web.csproj", "{2A1DD63A-91C1-4029-A271-42BD53548F57}"
EndProject
Global
	GlobalSection(SolutionConfigurationPlatforms) = preSolution
		Debug|Any CPU = Debug|Any CPU
		Release|Any CPU = Release|Any CPU
	EndGlobalSection
	GlobalSection(ProjectConfigurationPlatforms) = postSolution
		{8277C7F2-F6C6-4A4B-BB73-14AB91788E6E}.Debug|Any CPU.ActiveCfg = Debug|Any CPU
		{8277C7F2-F6C6-4A4B-BB73-14AB91788E6E}.Debug|Any CPU.Build.0 = Debug|Any CPU
		{8277C7F2-F6C6-4A4B-BB73-14AB91788E6E}.Release|Any CPU.ActiveCfg = Release|Any CPU
		{8277C7F2-F6C6-4A4B-BB73-14AB91788E6E}.Release|Any CPU.Build.0 = Release|Any CPU
		{FE8660E2-6F1F-4DBC-8B50-B650BDDCD523}.Debug|Any CPU.ActiveCfg = Debug|Any CPU
		{FE8660E2-6F1F-4DBC-8B50-B650BDDCD523}.Debug|Any CPU.Build.0 = Debug|Any CPU
		{FE8660E2-6F1F-4DBC-8B50-B650BDDCD523}.Release|Any CPU.ActiveCfg = Release|Any CPU
		{FE8660E2-6F1F-4DBC-8B50-B650BDDCD523}.Release|Any CPU.Build.0 = Release|Any CPU
		{2A1DD63A-91C1-4029-A271-42BD53548F57}.Debug|Any CPU.ActiveCfg = Debug|Any CPU
		{2A1DD63A-91C1-4029-A271-42BD53548F57}.Debug|Any CPU.Build.0 = Debug|Any CPU
		{2A1DD63A-91C1-4029-A271-42BD53548F57}.Release|Any CPU.ActiveCfg = Release|Any CPU
		{2A1DD63A-91C1-4029-A271-42BD53548F57}.Release|Any CPU.Build.0 = Release|Any CPU
	EndGlobalSection
	GlobalSection(SolutionProperties) = preSolution
		HideSolutionNode = FALSE
	EndGlobalSection
	GlobalSection(ExtensibilityGlobals) = postSolution
		SolutionGuid = {DC294BCA-BA47-4B96-AA9D-7A257F185B57}
	EndGlobalSection
EndGlobal
