Microsoft Visual Studio Solution File, Format Version 12.00
# Visual Studio Version 17
VisualStudioVersion = 17.8.34322.80
MinimumVisualStudioVersion = 10.0.40219.1
Project("{FAE04EC0-301F-11D3-BF4B-00C04F79EFBC}") = "Domain", "src\Domain\Domain.csproj", "{3B6F7DAD-0F8C-4B48-BA42-2CF4652D7E87}"
EndProject
Project("{FAE04EC0-301F-11D3-BF4B-00C04F79EFBC}") = "Application", "src\Application\Application.csproj", "{0AA675CB-3B2F-4C34-9CFB-198633C35649}"
EndProject
Project("{FAE04EC0-301F-11D3-BF4B-00C04F79EFBC}") = "Infrastructure", "src\Infrastructure\Infrastructure.csproj", "{2D0A3A12-0DAD-47D4-9185-2C1C2E7689E7}"
EndProject
Project("{FAE04EC0-301F-11D3-BF4B-00C04F79EFBC}") = "Web", "src\Web\Web.csproj", "{B5BE96EC-66C3-4B8A-9C1C-8739227D4F7F}"
EndProject
Project("{FAE04EC0-301F-11D3-BF4B-00C04F79EFBC}") = "IceCreamM12.Tests", "tests\IceCreamM12.Tests\IceCreamM12.Tests.csproj", "{C8AE59BF-2D5B-4BDA-8055-A8155DE085DE}"
EndProject
Global
	GlobalSection(SolutionConfigurationPlatforms) = preSolution
		Debug|Any CPU = Debug|Any CPU
		Release|Any CPU = Release|Any CPU
	EndGlobalSection
	GlobalSection(ProjectConfigurationPlatforms) = postSolution
		{3B6F7DAD-0F8C-4B48-BA42-2CF4652D7E87}.Debug|Any CPU.ActiveCfg = Debug|Any CPU
		{3B6F7DAD-0F8C-4B48-BA42-2CF4652D7E87}.Debug|Any CPU.Build.0 = Debug|Any CPU
		{3B6F7DAD-0F8C-4B48-BA42-2CF4652D7E87}.Release|Any CPU.ActiveCfg = Release|Any CPU
		{3B6F7DAD-0F8C-4B48-BA42-2CF4652D7E87}.Release|Any CPU.Build.0 = Release|Any CPU
		{0AA675CB-3B2F-4C34-9CFB-198633C35649}.Debug|Any CPU.ActiveCfg = Debug|Any CPU
		{0AA675CB-3B2F-4C34-9CFB-198633C35649}.Debug|Any CPU.Build.0 = Debug|Any CPU
		{0AA675CB-3B2F-4C34-9CFB-198633C35649}.Release|Any CPU.ActiveCfg = Release|Any CPU
		{0AA675CB-3B2F-4C34-9CFB-198633C35649}.Release|Any CPU.Build.0 = Release|Any CPU
		{2D0A3A12-0DAD-47D4-9185-2C1C2E7689E7}.Debug|Any CPU.ActiveCfg = Debug|Any CPU
		{2D0A3A12-0DAD-47D4-9185-2C1C2E7689E7}.Debug|Any CPU.Build.0 = Debug|Any CPU
		{2D0A3A12-0DAD-47D4-9185-2C1C2E7689E7}.Release|Any CPU.ActiveCfg = Release|Any CPU
		{2D0A3A12-0DAD-47D4-9185-2C1C2E7689E7}.Release|Any CPU.Build.0 = Release|Any CPU
		{B5BE96EC-66C3-4B8A-9C1C-8739227D4F7F}.Debug|Any CPU.ActiveCfg = Debug|Any CPU
		{B5BE96EC-66C3-4B8A-9C1C-8739227D4F7F}.Debug|Any CPU.Build.0 = Debug|Any CPU
		{B5BE96EC-66C3-4B8A-9C1C-8739227D4F7F}.Release|Any CPU.ActiveCfg = Release|Any CPU
		{B5BE96EC-66C3-4B8A-9C1C-8739227D4F7F}.Release|Any CPU.Build.0 = Release|Any CPU
		{C8AE59BF-2D5B-4BDA-8055-A8155DE085DE}.Debug|Any CPU.ActiveCfg = Debug|Any CPU
		{C8AE59BF-2D5B-4BDA-8055-A8155DE085DE}.Debug|Any CPU.Build.0 = Debug|Any CPU
		{C8AE59BF-2D5B-4BDA-8055-A8155DE085DE}.Release|Any CPU.ActiveCfg = Release|Any CPU
		{C8AE59BF-2D5B-4BDA-8055-A8155DE085DE}.Release|Any CPU.Build.0 = Release|Any CPU
	EndGlobalSection
EndGlobal
